<?xml version="1.0" encoding="utf-8"?>
<Project ToolsVersion="4.0" xmlns="http://schemas.microsoft.com/developer/msbuild/2003">
  <ItemGroup>
    <Filter Include="Public">
      <UniqueIdentifier>{93995380-89BD-4b04-88EB-625FBE52EBFB}</UniqueIdentifier>
      <Extensions>h;hh;hpp;hxx;hm;inl;inc;xsd</Extensions>
    </Filter>
    <Filter Include="Private">
      <UniqueIdentifier>{4FC737F1-C7A5-4376-A066-2A32D752A2FF}</UniqueIdentifier>
      <Extensions>cpp;c;cc;cxx;def;odl;idl;hpj;bat;asm;asmx</Extensions>
    </Filter>
  </ItemGroup>
  <ItemGroup>
    <Text Include="ReadMe.txt" />
  </ItemGroup>
  <ItemGroup>
    <ClCompile Include="Private\DepthStencilView.cpp">
      <Filter>Private</Filter>
    </ClCompile>
    <ClCompile Include="Private\DeviceBuffer.cpp">
      <Filter>Private</Filter>
    </ClCompile>
    <ClCompile Include="Private\DeviceTexture.cpp">
      <Filter>Private</Filter>
    </ClCompile>
    <ClCompile Include="Private\InputLayout.cpp">
      <Filter>Private</Filter>
    </ClCompile>
    <ClCompile Include="Private\Renderable.cpp">
      <Filter>Private</Filter>
    </ClCompile>
    <ClCompile Include="Private\RenderSystem.cpp">
      <Filter>Private</Filter>
    </ClCompile>
    <ClCompile Include="Private\RenderTarget.cpp">
      <Filter>Private</Filter>
    </ClCompile>
    <ClCompile Include="Private\RenderWindow.cpp">
      <Filter>Private</Filter>
    </ClCompile>
    <ClCompile Include="Private\Shader.cpp">
      <Filter>Private</Filter>
    </ClCompile>
    <ClCompile Include="Private\ShaderReflection.cpp">
      <Filter>Private</Filter>
    </ClCompile>
    <ClCompile Include="Private\ShaderResource.cpp">
      <Filter>Private</Filter>
    </ClCompile>
    <ClCompile Include="Private\Shared.cpp">
      <Filter>Private</Filter>
    </ClCompile>
    <ClCompile Include="Private\Rendering.cpp">
      <Filter>Private</Filter>
    </ClCompile>
  </ItemGroup>
  <ItemGroup>
    <ClInclude Include="Public\RenderSystem\Prerequisites.hpp">
      <Filter>Public</Filter>
    </ClInclude>
    <ClInclude Include="Public\RenderSystem\Renderable.hpp">
      <Filter>Public</Filter>
    </ClInclude>
    <ClInclude Include="Public\RenderSystem\Rendering.hpp">
      <Filter>Public</Filter>
    </ClInclude>
    <ClInclude Include="Public\RenderSystem\RenderSystem.hpp">
      <Filter>Public</Filter>
    </ClInclude>
    <ClInclude Include="Public\RenderSystem\RenderTarget.hpp">
      <Filter>Public</Filter>
    </ClInclude>
    <ClInclude Include="Public\RenderSystem\RenderWindow.hpp">
      <Filter>Public</Filter>
    </ClInclude>
    <ClInclude Include="Public\RenderSystem\Shader.hpp">
      <Filter>Public</Filter>
    </ClInclude>
    <ClInclude Include="Public\RenderSystem\ShaderCommon.hpp">
      <Filter>Public</Filter>
    </ClInclude>
    <ClInclude Include="Public\RenderSystem\ShaderReflection.hpp">
      <Filter>Public</Filter>
    </ClInclude>
    <ClInclude Include="Public\RenderSystem\ShaderResource.hpp">
      <Filter>Public</Filter>
    </ClInclude>
    <ClInclude Include="Public\RenderSystem\ConstantBufferMap.hpp">
      <Filter>Public</Filter>
    </ClInclude>
    <ClInclude Include="Public\RenderSystem\DepthStencilView.hpp">
      <Filter>Public</Filter>
    </ClInclude>
    <ClInclude Include="Public\RenderSystem\DeviceBuffer.hpp">
      <Filter>Public</Filter>
    </ClInclude>
    <ClInclude Include="Public\RenderSystem\DeviceTexture.hpp">
      <Filter>Public</Filter>
    </ClInclude>
    <ClInclude Include="Public\RenderSystem\InputLayout.hpp">
      <Filter>Public</Filter>
    </ClInclude>
    <ClInclude Include="Public\RenderSystem\Shared.hpp">
      <Filter>Public</Filter>
    </ClInclude>
  </ItemGroup>
</Project>