Microsoft Visual Studio Solution File, Format Version 12.00
# Visual Studio 16
Project("{8BC9CEB8-8B4A-11D0-8D11-00A0C91BC942}") = "ALL_BUILD", "ALL_BUILD.vcxproj", "{4DAA1834-9F07-325B-85BC-26D6C13D5066}"
	ProjectSection(ProjectDependencies) = postProject
		{E9D3BBE1-ECC7-3C9C-B599-0E5D3084F218} = {E9D3BBE1-ECC7-3C9C-B599-0E5D3084F218}
		{3C38F174-D287-38CF-BBB3-C3AE17AD41E4} = {3C38F174-D287-38CF-BBB3-C3AE17AD41E4}
		{4B21FC14-C5D6-3DE7-BD89-5C8DA599CE15} = {4B21FC14-C5D6-3DE7-BD89-5C8DA599CE15}
		{F44B0BC8-E458-389B-B7FD-158FCD2C5914} = {F44B0BC8-E458-389B-B7FD-158FCD2C5914}
		{940709D4-105B-39D1-A6CA-669E741C1CF3} = {940709D4-105B-39D1-A6CA-669E741C1CF3}
	EndProjectSection
EndProject
Project("{8BC9CEB8-8B4A-11D0-8D11-00A0C91BC942}") = "Common", "Source\Engine\Common\Common.vcxproj", "{E9D3BBE1-ECC7-3C9C-B599-0E5D3084F218}"
	ProjectSection(ProjectDependencies) = postProject
		{940709D4-105B-39D1-A6CA-669E741C1CF3} = {940709D4-105B-39D1-A6CA-669E741C1CF3}
	EndProjectSection
EndProject
Project("{8BC9CEB8-8B4A-11D0-8D11-00A0C91BC942}") = "Platform", "Source\Engine\Platform\Platform.vcxproj", "{3C38F174-D287-38CF-BBB3-C3AE17AD41E4}"
	ProjectSection(ProjectDependencies) = postProject
		{E9D3BBE1-ECC7-3C9C-B599-0E5D3084F218} = {E9D3BBE1-ECC7-3C9C-B599-0E5D3084F218}
		{940709D4-105B-39D1-A6CA-669E741C1CF3} = {940709D4-105B-39D1-A6CA-669E741C1CF3}
	EndProjectSection
EndProject
Project("{8BC9CEB8-8B4A-11D0-8D11-00A0C91BC942}") = "RenderCore", "Source\Engine\RenderCore\RenderCore.vcxproj", "{4B21FC14-C5D6-3DE7-BD89-5C8DA599CE15}"
	ProjectSection(ProjectDependencies) = postProject
		{E9D3BBE1-ECC7-3C9C-B599-0E5D3084F218} = {E9D3BBE1-ECC7-3C9C-B599-0E5D3084F218}
		{3C38F174-D287-38CF-BBB3-C3AE17AD41E4} = {3C38F174-D287-38CF-BBB3-C3AE17AD41E4}
		{940709D4-105B-39D1-A6CA-669E741C1CF3} = {940709D4-105B-39D1-A6CA-669E741C1CF3}
	EndProjectSection
EndProject
Project("{8BC9CEB8-8B4A-11D0-8D11-00A0C91BC942}") = "Space", "Source\Engine\Space\Space.vcxproj", "{F44B0BC8-E458-389B-B7FD-158FCD2C5914}"
	ProjectSection(ProjectDependencies) = postProject
		{E9D3BBE1-ECC7-3C9C-B599-0E5D3084F218} = {E9D3BBE1-ECC7-3C9C-B599-0E5D3084F218}
		{3C38F174-D287-38CF-BBB3-C3AE17AD41E4} = {3C38F174-D287-38CF-BBB3-C3AE17AD41E4}
		{4B21FC14-C5D6-3DE7-BD89-5C8DA599CE15} = {4B21FC14-C5D6-3DE7-BD89-5C8DA599CE15}
		{940709D4-105B-39D1-A6CA-669E741C1CF3} = {940709D4-105B-39D1-A6CA-669E741C1CF3}
	EndProjectSection
EndProject
Project("{8BC9CEB8-8B4A-11D0-8D11-00A0C91BC942}") = "ZERO_CHECK", "ZERO_CHECK.vcxproj", "{940709D4-105B-39D1-A6CA-669E741C1CF3}"
	ProjectSection(ProjectDependencies) = postProject
	EndProjectSection
EndProject
Global
	GlobalSection(SolutionConfigurationPlatforms) = preSolution
		Debug|x64 = Debug|x64
		Release|x64 = Release|x64
		MinSizeRel|x64 = MinSizeRel|x64
		RelWithDebInfo|x64 = RelWithDebInfo|x64
	EndGlobalSection
	GlobalSection(ProjectConfigurationPlatforms) = postSolution
		{4DAA1834-9F07-325B-85BC-26D6C13D5066}.Debug|x64.ActiveCfg = Debug|x64
		{4DAA1834-9F07-325B-85BC-26D6C13D5066}.Release|x64.ActiveCfg = Release|x64
		{4DAA1834-9F07-325B-85BC-26D6C13D5066}.MinSizeRel|x64.ActiveCfg = MinSizeRel|x64
		{4DAA1834-9F07-325B-85BC-26D6C13D5066}.RelWithDebInfo|x64.ActiveCfg = RelWithDebInfo|x64
		{E9D3BBE1-ECC7-3C9C-B599-0E5D3084F218}.Debug|x64.ActiveCfg = Debug|x64
		{E9D3BBE1-ECC7-3C9C-B599-0E5D3084F218}.Debug|x64.Build.0 = Debug|x64
		{E9D3BBE1-ECC7-3C9C-B599-0E5D3084F218}.Release|x64.ActiveCfg = Release|x64
		{E9D3BBE1-ECC7-3C9C-B599-0E5D3084F218}.Release|x64.Build.0 = Release|x64
		{E9D3BBE1-ECC7-3C9C-B599-0E5D3084F218}.MinSizeRel|x64.ActiveCfg = MinSizeRel|x64
		{E9D3BBE1-ECC7-3C9C-B599-0E5D3084F218}.MinSizeRel|x64.Build.0 = MinSizeRel|x64
		{E9D3BBE1-ECC7-3C9C-B599-0E5D3084F218}.RelWithDebInfo|x64.ActiveCfg = RelWithDebInfo|x64
		{E9D3BBE1-ECC7-3C9C-B599-0E5D3084F218}.RelWithDebInfo|x64.Build.0 = RelWithDebInfo|x64
		{3C38F174-D287-38CF-BBB3-C3AE17AD41E4}.Debug|x64.ActiveCfg = Debug|x64
		{3C38F174-D287-38CF-BBB3-C3AE17AD41E4}.Debug|x64.Build.0 = Debug|x64
		{3C38F174-D287-38CF-BBB3-C3AE17AD41E4}.Release|x64.ActiveCfg = Release|x64
		{3C38F174-D287-38CF-BBB3-C3AE17AD41E4}.Release|x64.Build.0 = Release|x64
		{3C38F174-D287-38CF-BBB3-C3AE17AD41E4}.MinSizeRel|x64.ActiveCfg = MinSizeRel|x64
		{3C38F174-D287-38CF-BBB3-C3AE17AD41E4}.MinSizeRel|x64.Build.0 = MinSizeRel|x64
		{3C38F174-D287-38CF-BBB3-C3AE17AD41E4}.RelWithDebInfo|x64.ActiveCfg = RelWithDebInfo|x64
		{3C38F174-D287-38CF-BBB3-C3AE17AD41E4}.RelWithDebInfo|x64.Build.0 = RelWithDebInfo|x64
		{4B21FC14-C5D6-3DE7-BD89-5C8DA599CE15}.Debug|x64.ActiveCfg = Debug|x64
		{4B21FC14-C5D6-3DE7-BD89-5C8DA599CE15}.Debug|x64.Build.0 = Debug|x64
		{4B21FC14-C5D6-3DE7-BD89-5C8DA599CE15}.Release|x64.ActiveCfg = Release|x64
		{4B21FC14-C5D6-3DE7-BD89-5C8DA599CE15}.Release|x64.Build.0 = Release|x64
		{4B21FC14-C5D6-3DE7-BD89-5C8DA599CE15}.MinSizeRel|x64.ActiveCfg = MinSizeRel|x64
		{4B21FC14-C5D6-3DE7-BD89-5C8DA599CE15}.MinSizeRel|x64.Build.0 = MinSizeRel|x64
		{4B21FC14-C5D6-3DE7-BD89-5C8DA599CE15}.RelWithDebInfo|x64.ActiveCfg = RelWithDebInfo|x64
		{4B21FC14-C5D6-3DE7-BD89-5C8DA599CE15}.RelWithDebInfo|x64.Build.0 = RelWithDebInfo|x64
		{F44B0BC8-E458-389B-B7FD-158FCD2C5914}.Debug|x64.ActiveCfg = Debug|x64
		{F44B0BC8-E458-389B-B7FD-158FCD2C5914}.Debug|x64.Build.0 = Debug|x64
		{F44B0BC8-E458-389B-B7FD-158FCD2C5914}.Release|x64.ActiveCfg = Release|x64
		{F44B0BC8-E458-389B-B7FD-158FCD2C5914}.Release|x64.Build.0 = Release|x64
		{F44B0BC8-E458-389B-B7FD-158FCD2C5914}.MinSizeRel|x64.ActiveCfg = MinSizeRel|x64
		{F44B0BC8-E458-389B-B7FD-158FCD2C5914}.MinSizeRel|x64.Build.0 = MinSizeRel|x64
		{F44B0BC8-E458-389B-B7FD-158FCD2C5914}.RelWithDebInfo|x64.ActiveCfg = RelWithDebInfo|x64
		{F44B0BC8-E458-389B-B7FD-158FCD2C5914}.RelWithDebInfo|x64.Build.0 = RelWithDebInfo|x64
		{940709D4-105B-39D1-A6CA-669E741C1CF3}.Debug|x64.ActiveCfg = Debug|x64
		{940709D4-105B-39D1-A6CA-669E741C1CF3}.Debug|x64.Build.0 = Debug|x64
		{940709D4-105B-39D1-A6CA-669E741C1CF3}.Release|x64.ActiveCfg = Release|x64
		{940709D4-105B-39D1-A6CA-669E741C1CF3}.Release|x64.Build.0 = Release|x64
		{940709D4-105B-39D1-A6CA-669E741C1CF3}.MinSizeRel|x64.ActiveCfg = MinSizeRel|x64
		{940709D4-105B-39D1-A6CA-669E741C1CF3}.MinSizeRel|x64.Build.0 = MinSizeRel|x64
		{940709D4-105B-39D1-A6CA-669E741C1CF3}.RelWithDebInfo|x64.ActiveCfg = RelWithDebInfo|x64
		{940709D4-105B-39D1-A6CA-669E741C1CF3}.RelWithDebInfo|x64.Build.0 = RelWithDebInfo|x64
	EndGlobalSection
	GlobalSection(ExtensibilityGlobals) = postSolution
		SolutionGuid = {7020A416-65ED-3655-847F-6D9CCDAA0FFD}
	EndGlobalSection
	GlobalSection(ExtensibilityAddIns) = postSolution
	EndGlobalSection
EndGlobal
