Microsoft Visual Studio Solution File, Format Version 12.00
# Visual Studio 14
Project("{8BC9CEB8-8B4A-11D0-8D11-00A0C91BC942}") = "ALL_BUILD", "ALL_BUILD.vcxproj", "{97C36ACB-067C-3AD8-B7ED-0F913DFCE63D}"
	ProjectSection(ProjectDependencies) = postProject
		{D1C968A8-B97F-3D09-A5E7-CD48A42B50CB} = {D1C968A8-B97F-3D09-A5E7-CD48A42B50CB}
		{A0D19725-C942-3822-9BB8-9317A4F94DEA} = {A0D19725-C942-3822-9BB8-9317A4F94DEA}
		{ED874386-59C7-3D51-A237-95595298D461} = {ED874386-59C7-3D51-A237-95595298D461}
		{F83D0942-266A-3B0B-BCEF-40934760EB14} = {F83D0942-266A-3B0B-BCEF-40934760EB14}
		{B0780712-DB76-337B-9A74-D04EDB7C9849} = {B0780712-DB76-337B-9A74-D04EDB7C9849}
	EndProjectSection
EndProject
Project("{8BC9CEB8-8B4A-11D0-8D11-00A0C91BC942}") = "Common", "Space\Common.vcxproj", "{D1C968A8-B97F-3D09-A5E7-CD48A42B50CB}"
	ProjectSection(ProjectDependencies) = postProject
		{B0780712-DB76-337B-9A74-D04EDB7C9849} = {B0780712-DB76-337B-9A74-D04EDB7C9849}
	EndProjectSection
EndProject
Project("{8BC9CEB8-8B4A-11D0-8D11-00A0C91BC942}") = "D3D11RenderSystem", "Space\D3D11RenderSystem.vcxproj", "{A0D19725-C942-3822-9BB8-9317A4F94DEA}"
	ProjectSection(ProjectDependencies) = postProject
		{B0780712-DB76-337B-9A74-D04EDB7C9849} = {B0780712-DB76-337B-9A74-D04EDB7C9849}
	EndProjectSection
EndProject
Project("{8BC9CEB8-8B4A-11D0-8D11-00A0C91BC942}") = "RenderSystem", "Space\RenderSystem.vcxproj", "{ED874386-59C7-3D51-A237-95595298D461}"
	ProjectSection(ProjectDependencies) = postProject
		{B0780712-DB76-337B-9A74-D04EDB7C9849} = {B0780712-DB76-337B-9A74-D04EDB7C9849}
	EndProjectSection
EndProject
Project("{8BC9CEB8-8B4A-11D0-8D11-00A0C91BC942}") = "Space", "Space\Space.vcxproj", "{F83D0942-266A-3B0B-BCEF-40934760EB14}"
	ProjectSection(ProjectDependencies) = postProject
		{D1C968A8-B97F-3D09-A5E7-CD48A42B50CB} = {D1C968A8-B97F-3D09-A5E7-CD48A42B50CB}
		{A0D19725-C942-3822-9BB8-9317A4F94DEA} = {A0D19725-C942-3822-9BB8-9317A4F94DEA}
		{ED874386-59C7-3D51-A237-95595298D461} = {ED874386-59C7-3D51-A237-95595298D461}
		{B0780712-DB76-337B-9A74-D04EDB7C9849} = {B0780712-DB76-337B-9A74-D04EDB7C9849}
	EndProjectSection
EndProject
Project("{8BC9CEB8-8B4A-11D0-8D11-00A0C91BC942}") = "ZERO_CHECK", "ZERO_CHECK.vcxproj", "{B0780712-DB76-337B-9A74-D04EDB7C9849}"
	ProjectSection(ProjectDependencies) = postProject
	EndProjectSection
EndProject
Global
	GlobalSection(SolutionConfigurationPlatforms) = preSolution
		Debug|x64 = Debug|x64
		Release|x64 = Release|x64
	EndGlobalSection
	GlobalSection(ProjectConfigurationPlatforms) = postSolution
		{97C36ACB-067C-3AD8-B7ED-0F913DFCE63D}.Debug|x64.ActiveCfg = Debug|x64
		{97C36ACB-067C-3AD8-B7ED-0F913DFCE63D}.Release|x64.ActiveCfg = Release|x64
		{D1C968A8-B97F-3D09-A5E7-CD48A42B50CB}.Debug|x64.ActiveCfg = Debug|x64
		{D1C968A8-B97F-3D09-A5E7-CD48A42B50CB}.Debug|x64.Build.0 = Debug|x64
		{D1C968A8-B97F-3D09-A5E7-CD48A42B50CB}.Release|x64.ActiveCfg = Release|x64
		{D1C968A8-B97F-3D09-A5E7-CD48A42B50CB}.Release|x64.Build.0 = Release|x64
		{A0D19725-C942-3822-9BB8-9317A4F94DEA}.Debug|x64.ActiveCfg = Debug|x64
		{A0D19725-C942-3822-9BB8-9317A4F94DEA}.Debug|x64.Build.0 = Debug|x64
		{A0D19725-C942-3822-9BB8-9317A4F94DEA}.Release|x64.ActiveCfg = Release|x64
		{A0D19725-C942-3822-9BB8-9317A4F94DEA}.Release|x64.Build.0 = Release|x64
		{ED874386-59C7-3D51-A237-95595298D461}.Debug|x64.ActiveCfg = Debug|x64
		{ED874386-59C7-3D51-A237-95595298D461}.Debug|x64.Build.0 = Debug|x64
		{ED874386-59C7-3D51-A237-95595298D461}.Release|x64.ActiveCfg = Release|x64
		{ED874386-59C7-3D51-A237-95595298D461}.Release|x64.Build.0 = Release|x64
		{F83D0942-266A-3B0B-BCEF-40934760EB14}.Debug|x64.ActiveCfg = Debug|x64
		{F83D0942-266A-3B0B-BCEF-40934760EB14}.Debug|x64.Build.0 = Debug|x64
		{F83D0942-266A-3B0B-BCEF-40934760EB14}.Release|x64.ActiveCfg = Release|x64
		{F83D0942-266A-3B0B-BCEF-40934760EB14}.Release|x64.Build.0 = Release|x64
		{B0780712-DB76-337B-9A74-D04EDB7C9849}.Debug|x64.ActiveCfg = Debug|x64
		{B0780712-DB76-337B-9A74-D04EDB7C9849}.Debug|x64.Build.0 = Debug|x64
		{B0780712-DB76-337B-9A74-D04EDB7C9849}.Release|x64.ActiveCfg = Release|x64
		{B0780712-DB76-337B-9A74-D04EDB7C9849}.Release|x64.Build.0 = Release|x64
	EndGlobalSection
	GlobalSection(ExtensibilityGlobals) = postSolution
	EndGlobalSection
	GlobalSection(ExtensibilityAddIns) = postSolution
	EndGlobalSection
EndGlobal
