
Microsoft Visual Studio Solution File, Format Version 12.00
# Visual Studio 14
VisualStudioVersion = 14.0.23107.0
MinimumVisualStudioVersion = 10.0.40219.1
Project("{2150E333-8FDC-42A3-9474-1A3956D46DE8}") = "Editor", "Editor", "{2E7210D1-F881-4ADA-9E16-91C7533499ED}"
EndProject
Project("{2150E333-8FDC-42A3-9474-1A3956D46DE8}") = "Program", "Program", "{6907CA23-F566-4B72-9055-7C917C99B309}"
EndProject
Project("{2150E333-8FDC-42A3-9474-1A3956D46DE8}") = "MaterialEditor", "MaterialEditor", "{E174B6F7-D34A-42E0-91AF-23EE19860B29}"
EndProject
Project("{8BC9CEB8-8B4A-11D0-8D11-00A0C91BC942}") = "MaterialCore", "Editor\MaterialEdiotr\MaterialCore\MaterialCore.vcxproj", "{3488F51D-3C43-451B-A194-BC0FE69056AA}"
EndProject
Project("{8BC9CEB8-8B4A-11D0-8D11-00A0C91BC942}") = "ShaderBuildWorker", "Program\ShaderBuildWorker\ShaderBuildWorker.vcxproj", "{6F5FF595-91AD-4B59-B54E-C39BF1B819B3}"
EndProject
Project("{2150E333-8FDC-42A3-9474-1A3956D46DE8}") = "Extra", "Extra", "{259549F6-8FBA-420B-AD0A-CED696D93ED7}"
	ProjectSection(SolutionItems) = preProject
		Extra\Space.natvis = Extra\Space.natvis
	EndProjectSection
EndProject
Project("{2150E333-8FDC-42A3-9474-1A3956D46DE8}") = "DXSDK_Samples", "DXSDK_Samples", "{F2AFEBD6-F8D7-44A2-B8C4-0E5D3193533E}"
EndProject
Project("{8BC9CEB8-8B4A-11D0-8D11-00A0C91BC942}") = "BasicHLSL", "DXSDK_Samples\BasicHLSL\BasicHLSL.vcxproj", "{44B1D736-52EA-43A9-949F-1DD87A524877}"
EndProject
Project("{8BC9CEB8-8B4A-11D0-8D11-00A0C91BC942}") = "Common", "Common\Common.vcxproj", "{DCF17EE5-CD6C-456F-8F7A-50942AA0890F}"
EndProject
Project("{8BC9CEB8-8B4A-11D0-8D11-00A0C91BC942}") = "RenderSystem", "RenderSystem\RenderSystem.vcxproj", "{715849ED-91E3-4084-9BE3-8F5F5E5F9EB0}"
EndProject
Project("{8BC9CEB8-8B4A-11D0-8D11-00A0C91BC942}") = "D3D11RenderSystem", "D3D11RenderSystem\D3D11RenderSystem.vcxproj", "{3588D261-1321-4CEA-8D18-3ABB3FEF6F88}"
EndProject
Project("{8BC9CEB8-8B4A-11D0-8D11-00A0C91BC942}") = "Space", "Space\Space.vcxproj", "{9BB833F0-7D37-49C1-B576-46F14280193D}"
EndProject
Global
	GlobalSection(SolutionConfigurationPlatforms) = preSolution
		Debug|Win32 = Debug|Win32
		Debug|x64 = Debug|x64
		Release|Win32 = Release|Win32
		Release|x64 = Release|x64
	EndGlobalSection
	GlobalSection(ProjectConfigurationPlatforms) = postSolution
		{3488F51D-3C43-451B-A194-BC0FE69056AA}.Debug|Win32.ActiveCfg = Debug|Win32
		{3488F51D-3C43-451B-A194-BC0FE69056AA}.Debug|x64.ActiveCfg = Debug|Win32
		{3488F51D-3C43-451B-A194-BC0FE69056AA}.Release|Win32.ActiveCfg = Release|Win32
		{3488F51D-3C43-451B-A194-BC0FE69056AA}.Release|x64.ActiveCfg = Release|Win32
		{6F5FF595-91AD-4B59-B54E-C39BF1B819B3}.Debug|Win32.ActiveCfg = Debug|Win32
		{6F5FF595-91AD-4B59-B54E-C39BF1B819B3}.Debug|Win32.Build.0 = Debug|Win32
		{6F5FF595-91AD-4B59-B54E-C39BF1B819B3}.Debug|x64.ActiveCfg = Debug|x64
		{6F5FF595-91AD-4B59-B54E-C39BF1B819B3}.Debug|x64.Build.0 = Debug|x64
		{6F5FF595-91AD-4B59-B54E-C39BF1B819B3}.Release|Win32.ActiveCfg = Release|Win32
		{6F5FF595-91AD-4B59-B54E-C39BF1B819B3}.Release|Win32.Build.0 = Release|Win32
		{6F5FF595-91AD-4B59-B54E-C39BF1B819B3}.Release|x64.ActiveCfg = Release|x64
		{6F5FF595-91AD-4B59-B54E-C39BF1B819B3}.Release|x64.Build.0 = Release|x64
		{44B1D736-52EA-43A9-949F-1DD87A524877}.Debug|Win32.ActiveCfg = Debug|Win32
		{44B1D736-52EA-43A9-949F-1DD87A524877}.Debug|x64.ActiveCfg = Debug|Win32
		{44B1D736-52EA-43A9-949F-1DD87A524877}.Release|Win32.ActiveCfg = Release|Win32
		{44B1D736-52EA-43A9-949F-1DD87A524877}.Release|x64.ActiveCfg = Release|Win32
		{DCF17EE5-CD6C-456F-8F7A-50942AA0890F}.Debug|Win32.ActiveCfg = Debug|Win32
		{DCF17EE5-CD6C-456F-8F7A-50942AA0890F}.Debug|Win32.Build.0 = Debug|Win32
		{DCF17EE5-CD6C-456F-8F7A-50942AA0890F}.Debug|x64.ActiveCfg = Debug|x64
		{DCF17EE5-CD6C-456F-8F7A-50942AA0890F}.Debug|x64.Build.0 = Debug|x64
		{DCF17EE5-CD6C-456F-8F7A-50942AA0890F}.Release|Win32.ActiveCfg = Release|Win32
		{DCF17EE5-CD6C-456F-8F7A-50942AA0890F}.Release|Win32.Build.0 = Release|Win32
		{DCF17EE5-CD6C-456F-8F7A-50942AA0890F}.Release|x64.ActiveCfg = Release|x64
		{DCF17EE5-CD6C-456F-8F7A-50942AA0890F}.Release|x64.Build.0 = Release|x64
		{715849ED-91E3-4084-9BE3-8F5F5E5F9EB0}.Debug|Win32.ActiveCfg = Debug|Win32
		{715849ED-91E3-4084-9BE3-8F5F5E5F9EB0}.Debug|Win32.Build.0 = Debug|Win32
		{715849ED-91E3-4084-9BE3-8F5F5E5F9EB0}.Debug|x64.ActiveCfg = Debug|x64
		{715849ED-91E3-4084-9BE3-8F5F5E5F9EB0}.Debug|x64.Build.0 = Debug|x64
		{715849ED-91E3-4084-9BE3-8F5F5E5F9EB0}.Release|Win32.ActiveCfg = Release|Win32
		{715849ED-91E3-4084-9BE3-8F5F5E5F9EB0}.Release|Win32.Build.0 = Release|Win32
		{715849ED-91E3-4084-9BE3-8F5F5E5F9EB0}.Release|x64.ActiveCfg = Release|x64
		{715849ED-91E3-4084-9BE3-8F5F5E5F9EB0}.Release|x64.Build.0 = Release|x64
		{3588D261-1321-4CEA-8D18-3ABB3FEF6F88}.Debug|Win32.ActiveCfg = Debug|Win32
		{3588D261-1321-4CEA-8D18-3ABB3FEF6F88}.Debug|Win32.Build.0 = Debug|Win32
		{3588D261-1321-4CEA-8D18-3ABB3FEF6F88}.Debug|x64.ActiveCfg = Debug|x64
		{3588D261-1321-4CEA-8D18-3ABB3FEF6F88}.Debug|x64.Build.0 = Debug|x64
		{3588D261-1321-4CEA-8D18-3ABB3FEF6F88}.Release|Win32.ActiveCfg = Release|Win32
		{3588D261-1321-4CEA-8D18-3ABB3FEF6F88}.Release|Win32.Build.0 = Release|Win32
		{3588D261-1321-4CEA-8D18-3ABB3FEF6F88}.Release|x64.ActiveCfg = Release|x64
		{3588D261-1321-4CEA-8D18-3ABB3FEF6F88}.Release|x64.Build.0 = Release|x64
		{9BB833F0-7D37-49C1-B576-46F14280193D}.Debug|Win32.ActiveCfg = Debug|Win32
		{9BB833F0-7D37-49C1-B576-46F14280193D}.Debug|Win32.Build.0 = Debug|Win32
		{9BB833F0-7D37-49C1-B576-46F14280193D}.Debug|x64.ActiveCfg = Debug|x64
		{9BB833F0-7D37-49C1-B576-46F14280193D}.Debug|x64.Build.0 = Debug|x64
		{9BB833F0-7D37-49C1-B576-46F14280193D}.Release|Win32.ActiveCfg = Release|Win32
		{9BB833F0-7D37-49C1-B576-46F14280193D}.Release|Win32.Build.0 = Release|Win32
		{9BB833F0-7D37-49C1-B576-46F14280193D}.Release|x64.ActiveCfg = Release|x64
		{9BB833F0-7D37-49C1-B576-46F14280193D}.Release|x64.Build.0 = Release|x64
	EndGlobalSection
	GlobalSection(SolutionProperties) = preSolution
		HideSolutionNode = FALSE
	EndGlobalSection
	GlobalSection(NestedProjects) = preSolution
		{E174B6F7-D34A-42E0-91AF-23EE19860B29} = {2E7210D1-F881-4ADA-9E16-91C7533499ED}
		{3488F51D-3C43-451B-A194-BC0FE69056AA} = {E174B6F7-D34A-42E0-91AF-23EE19860B29}
		{6F5FF595-91AD-4B59-B54E-C39BF1B819B3} = {6907CA23-F566-4B72-9055-7C917C99B309}
		{44B1D736-52EA-43A9-949F-1DD87A524877} = {F2AFEBD6-F8D7-44A2-B8C4-0E5D3193533E}
	EndGlobalSection
EndGlobal
