<?xml version="1.0" encoding="utf-8"?>
<Project ToolsVersion="16.0" xmlns="http://schemas.microsoft.com/developer/msbuild/2003">
  <ItemGroup>
    <CustomBuild Include="C:\Development\Space\CMakeFiles\52cbdabc618f5933f7e64aa8f9a0fe33\generate.stamp.rule">
      <Filter>CMake Rules</Filter>
    </CustomBuild>
  </ItemGroup>
  <ItemGroup>
    <Filter Include="CMake Rules">
      <UniqueIdentifier>{81C9864F-A7AA-382A-89ED-322A45C6AB9D}</UniqueIdentifier>
    </Filter>
  </ItemGroup>
</Project>
