<?xml version="1.0" encoding="utf-8"?>
<Project ToolsVersion="16.0" xmlns="http://schemas.microsoft.com/developer/msbuild/2003">
  <ItemGroup>
    <ClCompile Include="C:\Development\Space\Source\Engine\RenderCore\Private\DeviceResource.cpp">
      <Filter>Private</Filter>
    </ClCompile>
    <ClCompile Include="C:\Development\Space\Source\Engine\RenderCore\Private\InputLayout.cpp">
      <Filter>Private</Filter>
    </ClCompile>
    <ClCompile Include="C:\Development\Space\Source\Engine\RenderCore\Private\RenderSystem.cpp">
      <Filter>Private</Filter>
    </ClCompile>
    <ClCompile Include="C:\Development\Space\Source\Engine\RenderCore\Private\Rendering.cpp">
      <Filter>Private</Filter>
    </ClCompile>
    <ClCompile Include="C:\Development\Space\Source\Engine\RenderCore\Private\Shader.cpp">
      <Filter>Private</Filter>
    </ClCompile>
    <ClCompile Include="C:\Development\Space\Source\Engine\RenderCore\Private\Shared.cpp">
      <Filter>Private</Filter>
    </ClCompile>
    <ClCompile Include="C:\Development\Space\Source\Engine\RenderCore\D3D11RenderSystem\Private\D3D11CommandList.cpp">
      <Filter>D3D11\Private</Filter>
    </ClCompile>
    <ClCompile Include="C:\Development\Space\Source\Engine\RenderCore\D3D11RenderSystem\Private\D3D11Device.cpp">
      <Filter>D3D11\Private</Filter>
    </ClCompile>
    <ClCompile Include="C:\Development\Space\Source\Engine\RenderCore\D3D11RenderSystem\Private\D3D11DeviceResource.cpp">
      <Filter>D3D11\Private</Filter>
    </ClCompile>
    <ClCompile Include="C:\Development\Space\Source\Engine\RenderCore\D3D11RenderSystem\Private\D3D11PipelineState.cpp">
      <Filter>D3D11\Private</Filter>
    </ClCompile>
    <ClCompile Include="C:\Development\Space\Source\Engine\RenderCore\D3D11RenderSystem\Private\D3D11RenderSystem.cpp">
      <Filter>D3D11\Private</Filter>
    </ClCompile>
    <ClCompile Include="C:\Development\Space\Source\Engine\RenderCore\D3D11RenderSystem\Private\D3D11RenderTarget.cpp">
      <Filter>D3D11\Private</Filter>
    </ClCompile>
    <ClCompile Include="C:\Development\Space\Source\Engine\RenderCore\D3D11RenderSystem\Private\D3D11ResourceView.cpp">
      <Filter>D3D11\Private</Filter>
    </ClCompile>
    <ClCompile Include="C:\Development\Space\Source\Engine\RenderCore\D3D11RenderSystem\Private\D3D11Shader.cpp">
      <Filter>D3D11\Private</Filter>
    </ClCompile>
    <ClCompile Include="C:\Development\Space\Source\Engine\RenderCore\D3D11RenderSystem\Private\D3D11ShaderReflection.cpp">
      <Filter>D3D11\Private</Filter>
    </ClCompile>
    <ClCompile Include="C:\Development\Space\Source\Engine\RenderCore\D3D11RenderSystem\Private\D3D11Shared.cpp">
      <Filter>D3D11\Private</Filter>
    </ClCompile>
  </ItemGroup>
  <ItemGroup>
    <ClInclude Include="C:\Development\Space\Source\Engine\RenderCore\Public\RenderCommon.hpp">
      <Filter>Public</Filter>
    </ClInclude>
    <ClInclude Include="C:\Development\Space\Source\Engine\RenderCore\Public\DeviceResource.hpp">
      <Filter>Public</Filter>
    </ClInclude>
    <ClInclude Include="C:\Development\Space\Source\Engine\RenderCore\Public\Rendering.hpp">
      <Filter>Public</Filter>
    </ClInclude>
    <ClInclude Include="C:\Development\Space\Source\Engine\RenderCore\Public\RenderSystem.hpp">
      <Filter>Public</Filter>
    </ClInclude>
    <ClInclude Include="C:\Development\Space\Source\Engine\RenderCore\Public\Shader.hpp">
      <Filter>Public</Filter>
    </ClInclude>
    <ClInclude Include="C:\Development\Space\Source\Engine\RenderCore\Public\Shared.hpp">
      <Filter>Public</Filter>
    </ClInclude>
    <ClInclude Include="C:\Development\Space\Source\Engine\RenderCore\D3D11RenderSystem\Public\D3D11Device.hpp">
      <Filter>D3D11\Public</Filter>
    </ClInclude>
    <ClInclude Include="C:\Development\Space\Source\Engine\RenderCore\D3D11RenderSystem\Public\D3D11DeviceResource.hpp">
      <Filter>D3D11\Public</Filter>
    </ClInclude>
    <ClInclude Include="C:\Development\Space\Source\Engine\RenderCore\D3D11RenderSystem\Public\D3D11Prerequisites.hpp">
      <Filter>D3D11\Public</Filter>
    </ClInclude>
    <ClInclude Include="C:\Development\Space\Source\Engine\RenderCore\D3D11RenderSystem\Public\D3D11PipelineState.h">
      <Filter>D3D11\Public</Filter>
    </ClInclude>
    <ClInclude Include="C:\Development\Space\Source\Engine\RenderCore\D3D11RenderSystem\Public\D3D11CommandList.h">
      <Filter>D3D11\Public</Filter>
    </ClInclude>
    <ClInclude Include="C:\Development\Space\Source\Engine\RenderCore\D3D11RenderSystem\Public\D3D11RenderSystem.hpp">
      <Filter>D3D11\Public</Filter>
    </ClInclude>
    <ClInclude Include="C:\Development\Space\Source\Engine\RenderCore\D3D11RenderSystem\Public\D3D11RenderTarget.hpp">
      <Filter>D3D11\Public</Filter>
    </ClInclude>
    <ClInclude Include="C:\Development\Space\Source\Engine\RenderCore\D3D11RenderSystem\Public\D3D11ResourceView.hpp">
      <Filter>D3D11\Public</Filter>
    </ClInclude>
    <ClInclude Include="C:\Development\Space\Source\Engine\RenderCore\D3D11RenderSystem\Public\D3D11Shader.hpp">
      <Filter>D3D11\Public</Filter>
    </ClInclude>
    <ClInclude Include="C:\Development\Space\Source\Engine\RenderCore\D3D11RenderSystem\Public\D3D11Shared.hpp">
      <Filter>D3D11\Public</Filter>
    </ClInclude>
  </ItemGroup>
  <ItemGroup>
    <CustomBuild Include="C:\Development\Space\Source\Engine\RenderCore\CMakeLists.txt" />
  </ItemGroup>
  <ItemGroup>
    <Filter Include="D3D11">
      <UniqueIdentifier>{77DB8313-BA8E-3E0A-8D15-7AE8F4268C78}</UniqueIdentifier>
    </Filter>
    <Filter Include="D3D11\Private">
      <UniqueIdentifier>{07DDD744-E665-3377-BC7B-1A144FC08BD0}</UniqueIdentifier>
    </Filter>
    <Filter Include="D3D11\Public">
      <UniqueIdentifier>{004C5023-F348-36D6-B7E1-1E707C76826F}</UniqueIdentifier>
    </Filter>
    <Filter Include="Private">
      <UniqueIdentifier>{0B345057-08A9-3DBB-AF33-30DA7C90C358}</UniqueIdentifier>
    </Filter>
    <Filter Include="Public">
      <UniqueIdentifier>{35251773-824F-30BB-ADB9-1516C9DBC972}</UniqueIdentifier>
    </Filter>
  </ItemGroup>
</Project>
