<?xml version="1.0" encoding="utf-8"?>
<Project ToolsVersion="16.0" xmlns="http://schemas.microsoft.com/developer/msbuild/2003">
  <ItemGroup>
    <ClCompile Include="C:\Development\Space\Source\Engine\Common\Private\Basic.cpp">
      <Filter>Private</Filter>
    </ClCompile>
    <ClCompile Include="C:\Development\Space\Source\Engine\Common\Private\Common.cpp">
      <Filter>Private</Filter>
    </ClCompile>
    <ClCompile Include="C:\Development\Space\Source\Engine\Common\Private\ConfigReader.cpp">
      <Filter>Private</Filter>
    </ClCompile>
    <ClCompile Include="C:\Development\Space\Source\Engine\Common\Private\Log.cpp">
      <Filter>Private</Filter>
    </ClCompile>
    <ClCompile Include="C:\Development\Space\Source\Engine\Common\Private\Utility.cpp">
      <Filter>Private</Filter>
    </ClCompile>
    <ClCompile Include="C:\Development\Space\Source\Engine\Common\Private\Core.cpp">
      <Filter>Private</Filter>
    </ClCompile>
  </ItemGroup>
  <ItemGroup>
    <ClInclude Include="C:\Development\Space\Source\Engine\Common\Public\Basic.hpp">
      <Filter>Pubilc</Filter>
    </ClInclude>
    <ClInclude Include="C:\Development\Space\Source\Engine\Common\Public\Common.hpp">
      <Filter>Pubilc</Filter>
    </ClInclude>
    <ClInclude Include="C:\Development\Space\Source\Engine\Common\Public\ConfigReader.h">
      <Filter>Pubilc</Filter>
    </ClInclude>
    <ClInclude Include="C:\Development\Space\Source\Engine\Common\Public\Log.h">
      <Filter>Pubilc</Filter>
    </ClInclude>
    <ClInclude Include="C:\Development\Space\Source\Engine\Common\Public\Math.hpp">
      <Filter>Pubilc</Filter>
    </ClInclude>
    <ClInclude Include="C:\Development\Space\Source\Engine\Common\Public\Prerequisites.hpp">
      <Filter>Pubilc</Filter>
    </ClInclude>
    <ClInclude Include="C:\Development\Space\Source\Engine\Common\Public\Utility.hpp">
      <Filter>Pubilc</Filter>
    </ClInclude>
    <ClInclude Include="C:\Development\Space\Source\Engine\Common\Public\Asynchronous.hpp">
      <Filter>Pubilc</Filter>
    </ClInclude>
  </ItemGroup>
  <ItemGroup>
    <CustomBuild Include="C:\Development\Space\Source\Engine\Common\CMakeLists.txt" />
  </ItemGroup>
  <ItemGroup>
    <Filter Include="Private">
      <UniqueIdentifier>{0B345057-08A9-3DBB-AF33-30DA7C90C358}</UniqueIdentifier>
    </Filter>
    <Filter Include="Pubilc">
      <UniqueIdentifier>{61BB8596-BC8D-3B1E-9EB9-87A10E8D8EB0}</UniqueIdentifier>
    </Filter>
  </ItemGroup>
</Project>
