<?xml version="1.0" encoding="utf-8"?>
<Project ToolsVersion="16.0" xmlns="http://schemas.microsoft.com/developer/msbuild/2003">
  <ItemGroup>
    <ClCompile Include="C:\Development\Space\Source\Engine\Platform\Private\Window.cpp">
      <Filter>Private</Filter>
    </ClCompile>
    <ClCompile Include="C:\Development\Space\Source\Engine\Platform\Windows\Win32Window.cpp">
      <Filter>Private</Filter>
    </ClCompile>
    <ClCompile Include="C:\Development\Space\Source\Engine\Platform\Private\Event.cpp">
      <Filter>Private</Filter>
    </ClCompile>
  </ItemGroup>
  <ItemGroup>
    <ClInclude Include="C:\Development\Space\Source\Engine\Platform\Public\Window.hpp">
      <Filter>Pubilc</Filter>
    </ClInclude>
    <ClInclude Include="C:\Development\Space\Source\Engine\Platform\Public\PlatformCommon.h">
      <Filter>Pubilc</Filter>
    </ClInclude>
  </ItemGroup>
  <ItemGroup>
    <CustomBuild Include="C:\Development\Space\Source\Engine\Platform\CMakeLists.txt" />
  </ItemGroup>
  <ItemGroup>
    <Filter Include="Private">
      <UniqueIdentifier>{0B345057-08A9-3DBB-AF33-30DA7C90C358}</UniqueIdentifier>
    </Filter>
    <Filter Include="Pubilc">
      <UniqueIdentifier>{61BB8596-BC8D-3B1E-9EB9-87A10E8D8EB0}</UniqueIdentifier>
    </Filter>
  </ItemGroup>
</Project>
