<?xml version="1.0" encoding="UTF-8"?>
<Project ToolsVersion="14.0" xmlns="http://schemas.microsoft.com/developer/msbuild/2003">
  <ItemGroup>
    <ClCompile Include="C:\Users\clone\Code\GitHub\Space\Space\Source\Common\Basic.cpp">
      <Filter>Common\Source</Filter>
    </ClCompile>
    <ClCompile Include="C:\Users\clone\Code\GitHub\Space\Space\Source\Common\Common.cpp">
      <Filter>Common\Source</Filter>
    </ClCompile>
    <ClCompile Include="C:\Users\clone\Code\GitHub\Space\Space\Source\Common\ConfigReader.cpp">
      <Filter>Common\Source</Filter>
    </ClCompile>
    <ClCompile Include="C:\Users\clone\Code\GitHub\Space\Space\Source\Common\Core.cpp">
      <Filter>Common\Source</Filter>
    </ClCompile>
    <ClCompile Include="C:\Users\clone\Code\GitHub\Space\Space\Source\Common\Event.cpp">
      <Filter>Common\Source</Filter>
    </ClCompile>
    <ClCompile Include="C:\Users\clone\Code\GitHub\Space\Space\Source\Common\Log.cpp">
      <Filter>Common\Source</Filter>
    </ClCompile>
    <ClCompile Include="C:\Users\clone\Code\GitHub\Space\Space\Source\Common\Utility.cpp">
      <Filter>Common\Source</Filter>
    </ClCompile>
    <ClCompile Include="C:\Users\clone\Code\GitHub\Space\Space\Source\Common\Window.cpp">
      <Filter>Common\Source</Filter>
    </ClCompile>
    <ClCompile Include="C:\Users\clone\Code\GitHub\Space\Space\Source\Common\Win32Window.cpp">
      <Filter>Common\Source</Filter>
    </ClCompile>
  </ItemGroup>
  <ItemGroup>
    <ClInclude Include="C:\Users\clone\Code\GitHub\Space\Space\Public\Common\Basic.hpp">
      <Filter>Common\Header</Filter>
    </ClInclude>
    <ClInclude Include="C:\Users\clone\Code\GitHub\Space\Space\Public\Common\Common.hpp">
      <Filter>Common\Header</Filter>
    </ClInclude>
    <ClInclude Include="C:\Users\clone\Code\GitHub\Space\Space\Public\Common\ConfigReader.h">
      <Filter>Common\Header</Filter>
    </ClInclude>
    <ClInclude Include="C:\Users\clone\Code\GitHub\Space\Space\Public\Common\Core.hpp">
      <Filter>Common\Header</Filter>
    </ClInclude>
    <ClInclude Include="C:\Users\clone\Code\GitHub\Space\Space\Public\Common\Log.h">
      <Filter>Common\Header</Filter>
    </ClInclude>
    <ClInclude Include="C:\Users\clone\Code\GitHub\Space\Space\Public\Common\Math.hpp">
      <Filter>Common\Header</Filter>
    </ClInclude>
    <ClInclude Include="C:\Users\clone\Code\GitHub\Space\Space\Public\Common\Prerequisites.hpp">
      <Filter>Common\Header</Filter>
    </ClInclude>
    <ClInclude Include="C:\Users\clone\Code\GitHub\Space\Space\Public\Common\Utility.hpp">
      <Filter>Common\Header</Filter>
    </ClInclude>
    <ClInclude Include="C:\Users\clone\Code\GitHub\Space\Space\Public\Common\Window.hpp">
      <Filter>Common\Header</Filter>
    </ClInclude>
  </ItemGroup>
  <ItemGroup>
    <CustomBuild Include="C:\Users\clone\Code\GitHub\Space\Space\CMakeLists.txt" />
  </ItemGroup>
  <ItemGroup>
    <Filter Include="Common\Header">
      <UniqueIdentifier>{F21BD00B-7FC5-3490-9D02-A602E62AAEB3}</UniqueIdentifier>
    </Filter>
    <Filter Include="Common\Source">
      <UniqueIdentifier>{44E05339-E4D8-335D-9835-A9BE45001BF1}</UniqueIdentifier>
    </Filter>
    <Filter Include="Common">
      <UniqueIdentifier>{FA9C6D11-9458-3435-B6BE-77AC80491912}</UniqueIdentifier>
    </Filter>
  </ItemGroup>
</Project>
