<?xml version="1.0" encoding="UTF-8"?>
<Project ToolsVersion="14.0" xmlns="http://schemas.microsoft.com/developer/msbuild/2003">
  <ItemGroup>
    <ClCompile Include="C:\Users\clone\GitHub\Space\Space\Source\D3D11RenderSystem\D3D11CommandList.cpp">
      <Filter>D3D11RenderSystem\Source</Filter>
    </ClCompile>
    <ClCompile Include="C:\Users\clone\GitHub\Space\Space\Source\D3D11RenderSystem\D3D11Device.cpp">
      <Filter>D3D11RenderSystem\Source</Filter>
    </ClCompile>
    <ClCompile Include="C:\Users\clone\GitHub\Space\Space\Source\D3D11RenderSystem\D3D11DeviceResource.cpp">
      <Filter>D3D11RenderSystem\Source</Filter>
    </ClCompile>
    <ClCompile Include="C:\Users\clone\GitHub\Space\Space\Source\D3D11RenderSystem\D3D11PipelineState.cpp">
      <Filter>D3D11RenderSystem\Source</Filter>
    </ClCompile>
    <ClCompile Include="C:\Users\clone\GitHub\Space\Space\Source\D3D11RenderSystem\D3D11RenderSystem.cpp">
      <Filter>D3D11RenderSystem\Source</Filter>
    </ClCompile>
    <ClCompile Include="C:\Users\clone\GitHub\Space\Space\Source\D3D11RenderSystem\D3D11RenderTarget.cpp">
      <Filter>D3D11RenderSystem\Source</Filter>
    </ClCompile>
    <ClCompile Include="C:\Users\clone\GitHub\Space\Space\Source\D3D11RenderSystem\D3D11ResourceView.cpp">
      <Filter>D3D11RenderSystem\Source</Filter>
    </ClCompile>
    <ClCompile Include="C:\Users\clone\GitHub\Space\Space\Source\D3D11RenderSystem\D3D11Shader.cpp">
      <Filter>D3D11RenderSystem\Source</Filter>
    </ClCompile>
    <ClCompile Include="C:\Users\clone\GitHub\Space\Space\Source\D3D11RenderSystem\D3D11ShaderReflection.cpp">
      <Filter>D3D11RenderSystem\Source</Filter>
    </ClCompile>
    <ClCompile Include="C:\Users\clone\GitHub\Space\Space\Source\D3D11RenderSystem\D3D11Shared.cpp">
      <Filter>D3D11RenderSystem\Source</Filter>
    </ClCompile>
  </ItemGroup>
  <ItemGroup>
    <ClInclude Include="C:\Users\clone\GitHub\Space\Space\Public\D3D11RenderSystem\D3D11Device.hpp">
      <Filter>D3D11RenderSystem\Header</Filter>
    </ClInclude>
    <ClInclude Include="C:\Users\clone\GitHub\Space\Space\Public\D3D11RenderSystem\D3D11DeviceResource.hpp">
      <Filter>D3D11RenderSystem\Header</Filter>
    </ClInclude>
    <ClInclude Include="C:\Users\clone\GitHub\Space\Space\Public\D3D11RenderSystem\D3D11Prerequisites.hpp">
      <Filter>D3D11RenderSystem\Header</Filter>
    </ClInclude>
    <ClInclude Include="C:\Users\clone\GitHub\Space\Space\Public\D3D11RenderSystem\D3D11Rendering.hpp">
      <Filter>D3D11RenderSystem\Header</Filter>
    </ClInclude>
    <ClInclude Include="C:\Users\clone\GitHub\Space\Space\Public\D3D11RenderSystem\D3D11RenderSystem.hpp">
      <Filter>D3D11RenderSystem\Header</Filter>
    </ClInclude>
    <ClInclude Include="C:\Users\clone\GitHub\Space\Space\Public\D3D11RenderSystem\D3D11RenderTarget.hpp">
      <Filter>D3D11RenderSystem\Header</Filter>
    </ClInclude>
    <ClInclude Include="C:\Users\clone\GitHub\Space\Space\Public\D3D11RenderSystem\D3D11ResourceView.hpp">
      <Filter>D3D11RenderSystem\Header</Filter>
    </ClInclude>
    <ClInclude Include="C:\Users\clone\GitHub\Space\Space\Public\D3D11RenderSystem\D3D11Shader.hpp">
      <Filter>D3D11RenderSystem\Header</Filter>
    </ClInclude>
    <ClInclude Include="C:\Users\clone\GitHub\Space\Space\Public\D3D11RenderSystem\D3D11Shared.hpp">
      <Filter>D3D11RenderSystem\Header</Filter>
    </ClInclude>
  </ItemGroup>
  <ItemGroup>
    <CustomBuild Include="C:\Users\clone\GitHub\Space\Space\CMakeLists.txt" />
  </ItemGroup>
  <ItemGroup>
    <Filter Include="D3D11RenderSystem\Header">
      <UniqueIdentifier>{54222250-CAB0-335E-9CD2-4C0F1F3F6F5F}</UniqueIdentifier>
    </Filter>
    <Filter Include="D3D11RenderSystem\Source">
      <UniqueIdentifier>{BA00435B-FD1B-3FA7-87AB-8CD372BA89A0}</UniqueIdentifier>
    </Filter>
    <Filter Include="D3D11RenderSystem">
      <UniqueIdentifier>{C1A59B39-90AF-3DCB-A7F0-E8794C407530}</UniqueIdentifier>
    </Filter>
  </ItemGroup>
</Project>
