<?xml version="1.0" encoding="UTF-8"?>
<Project ToolsVersion="14.0" xmlns="http://schemas.microsoft.com/developer/msbuild/2003">
  <ItemGroup>
    <ClCompile Include="C:\Users\clone\GitHub\Space\Space\Source\RenderSystem\DeviceResource.cpp">
      <Filter>RenderSystem\Source</Filter>
    </ClCompile>
    <ClCompile Include="C:\Users\clone\GitHub\Space\Space\Source\RenderSystem\InputLayout.cpp">
      <Filter>RenderSystem\Source</Filter>
    </ClCompile>
    <ClCompile Include="C:\Users\clone\GitHub\Space\Space\Source\RenderSystem\RenderSystem.cpp">
      <Filter>RenderSystem\Source</Filter>
    </ClCompile>
    <ClCompile Include="C:\Users\clone\GitHub\Space\Space\Source\RenderSystem\Rendering.cpp">
      <Filter>RenderSystem\Source</Filter>
    </ClCompile>
    <ClCompile Include="C:\Users\clone\GitHub\Space\Space\Source\RenderSystem\Shader.cpp">
      <Filter>RenderSystem\Source</Filter>
    </ClCompile>
    <ClCompile Include="C:\Users\clone\GitHub\Space\Space\Source\RenderSystem\Shared.cpp">
      <Filter>RenderSystem\Source</Filter>
    </ClCompile>
    <ClCompile Include="C:\Users\clone\GitHub\Space\Space\Source\RenderSystem\Renderer.cpp">
      <Filter>Renderer\Source</Filter>
    </ClCompile>
    <ClCompile Include="C:\Users\clone\GitHub\Space\Space\Source\RenderSystem\Material.cpp">
      <Filter>Renderer\Source</Filter>
    </ClCompile>
  </ItemGroup>
  <ItemGroup>
    <ClInclude Include="C:\Users\clone\GitHub\Space\Space\Public\RenderSystem\DeviceResource.hpp">
      <Filter>RenderSystem\Header</Filter>
    </ClInclude>
    <ClInclude Include="C:\Users\clone\GitHub\Space\Space\Public\RenderSystem\Prerequisites.hpp">
      <Filter>RenderSystem\Header</Filter>
    </ClInclude>
    <ClInclude Include="C:\Users\clone\GitHub\Space\Space\Public\RenderSystem\Rendering.hpp">
      <Filter>RenderSystem\Header</Filter>
    </ClInclude>
    <ClInclude Include="C:\Users\clone\GitHub\Space\Space\Public\RenderSystem\RenderSystem.hpp">
      <Filter>RenderSystem\Header</Filter>
    </ClInclude>
    <ClInclude Include="C:\Users\clone\GitHub\Space\Space\Public\RenderSystem\Shader.hpp">
      <Filter>RenderSystem\Header</Filter>
    </ClInclude>
    <ClInclude Include="C:\Users\clone\GitHub\Space\Space\Public\RenderSystem\ShaderReflection.hpp">
      <Filter>RenderSystem\Header</Filter>
    </ClInclude>
    <ClInclude Include="C:\Users\clone\GitHub\Space\Space\Public\RenderSystem\Shared.hpp">
      <Filter>RenderSystem\Header</Filter>
    </ClInclude>
    <ClInclude Include="C:\Users\clone\GitHub\Space\Space\Public\RenderSystem\Material.hpp">
      <Filter>Renderer\Header</Filter>
    </ClInclude>
    <ClInclude Include="C:\Users\clone\GitHub\Space\Space\Public\RenderSystem\Renderer.hpp">
      <Filter>Renderer\Header</Filter>
    </ClInclude>
  </ItemGroup>
  <ItemGroup>
    <CustomBuild Include="C:\Users\clone\GitHub\Space\Space\CMakeLists.txt" />
  </ItemGroup>
  <ItemGroup>
    <Filter Include="RenderSystem\Header">
      <UniqueIdentifier>{3F7A53AE-31A5-3EAA-9CE0-1826189F4A95}</UniqueIdentifier>
    </Filter>
    <Filter Include="RenderSystem\Source">
      <UniqueIdentifier>{0CE63752-B888-3D76-BA71-36072407B1F0}</UniqueIdentifier>
    </Filter>
    <Filter Include="Renderer\Header">
      <UniqueIdentifier>{22B7653F-ED72-31C5-9529-B2A7EB89BA1D}</UniqueIdentifier>
    </Filter>
    <Filter Include="Renderer\Source">
      <UniqueIdentifier>{AEC93B66-1600-363C-B2AD-ECDCB6FD2DC1}</UniqueIdentifier>
    </Filter>
    <Filter Include="RenderSystem">
      <UniqueIdentifier>{A6EB9547-315B-3F37-B8EA-A34EF86175FE}</UniqueIdentifier>
    </Filter>
    <Filter Include="Renderer">
      <UniqueIdentifier>{74D563D4-E858-334B-B317-6D744072F3A2}</UniqueIdentifier>
    </Filter>
  </ItemGroup>
</Project>
