<?xml version="1.0" encoding="utf-8"?>
<Project ToolsVersion="4.0" xmlns="http://schemas.microsoft.com/developer/msbuild/2003">
  <ItemGroup>
    <Filter Include="源文件">
      <UniqueIdentifier>{4FC737F1-C7A5-4376-A066-2A32D752A2FF}</UniqueIdentifier>
      <Extensions>cpp;c;cc;cxx;def;odl;idl;hpj;bat;asm;asmx</Extensions>
    </Filter>
    <Filter Include="头文件">
      <UniqueIdentifier>{93995380-89BD-4b04-88EB-625FBE52EBFB}</UniqueIdentifier>
      <Extensions>h;hh;hpp;hxx;hm;inl;inc;xsd</Extensions>
    </Filter>
    <Filter Include="资源文件">
      <UniqueIdentifier>{67DA6AB6-F800-4c08-8B7A-83BB121AAD01}</UniqueIdentifier>
      <Extensions>rc;ico;cur;bmp;dlg;rc2;rct;bin;rgs;gif;jpg;jpeg;jpe;resx;tiff;tif;png;wav;mfcribbon-ms</Extensions>
    </Filter>
    <Filter Include="common">
      <UniqueIdentifier>{9d3ba2c1-31a5-4a1a-a09d-40bf5391c29a}</UniqueIdentifier>
    </Filter>
    <Filter Include="RayTrace">
      <UniqueIdentifier>{44aff5bd-617d-4cd5-9b40-1b5c19df694b}</UniqueIdentifier>
    </Filter>
  </ItemGroup>
  <ItemGroup>
    <Text Include="ReadMe.txt" />
  </ItemGroup>
  <ItemGroup>
    <ClInclude Include="..\include\basic.h">
      <Filter>头文件</Filter>
    </ClInclude>
    <ClInclude Include="..\include\Camera.h">
      <Filter>头文件</Filter>
    </ClInclude>
    <ClInclude Include="..\include\Entity.h">
      <Filter>头文件</Filter>
    </ClInclude>
    <ClInclude Include="..\include\global.h">
      <Filter>头文件</Filter>
    </ClInclude>
    <ClInclude Include="..\include\Light.h">
      <Filter>头文件</Filter>
    </ClInclude>
    <ClInclude Include="..\include\Mesh.h">
      <Filter>头文件</Filter>
    </ClInclude>
    <ClInclude Include="..\include\Radiosity.h">
      <Filter>头文件</Filter>
    </ClInclude>
    <ClInclude Include="..\include\RenderSystem.h">
      <Filter>头文件</Filter>
    </ClInclude>
    <ClInclude Include="..\include\Space.h">
      <Filter>头文件</Filter>
    </ClInclude>
    <ClInclude Include="..\include\WindowController.h">
      <Filter>头文件</Filter>
    </ClInclude>
    <ClInclude Include="..\common\lodepng\lodepng.h">
      <Filter>common</Filter>
    </ClInclude>
    <ClInclude Include="..\include\RayTracing.h">
      <Filter>RayTrace</Filter>
    </ClInclude>
  </ItemGroup>
  <ItemGroup>
    <ClCompile Include="..\src\Camera.cpp">
      <Filter>源文件</Filter>
    </ClCompile>
    <ClCompile Include="..\src\Entity.cpp">
      <Filter>源文件</Filter>
    </ClCompile>
    <ClCompile Include="..\src\Light.cpp">
      <Filter>源文件</Filter>
    </ClCompile>
    <ClCompile Include="..\src\Mesh.cpp">
      <Filter>源文件</Filter>
    </ClCompile>
    <ClCompile Include="..\src\Radiosity.cpp">
      <Filter>源文件</Filter>
    </ClCompile>
    <ClCompile Include="..\src\RenderSystem.cpp">
      <Filter>源文件</Filter>
    </ClCompile>
    <ClCompile Include="..\src\RenderSystem_d3d.cpp">
      <Filter>源文件</Filter>
    </ClCompile>
    <ClCompile Include="..\src\RenderSystem_gl.cpp">
      <Filter>源文件</Filter>
    </ClCompile>
    <ClCompile Include="..\src\Space.cpp">
      <Filter>源文件</Filter>
    </ClCompile>
    <ClCompile Include="..\src\utility.cpp">
      <Filter>源文件</Filter>
    </ClCompile>
    <ClCompile Include="..\src\WindowController.cpp">
      <Filter>源文件</Filter>
    </ClCompile>
    <ClCompile Include="..\common\lodepng\lodepng.cpp">
      <Filter>common</Filter>
    </ClCompile>
    <ClCompile Include="..\src\RayTracing.cpp">
      <Filter>RayTrace</Filter>
    </ClCompile>
    <ClCompile Include="..\src\Sampler.cpp">
      <Filter>源文件</Filter>
    </ClCompile>
  </ItemGroup>
</Project>