<?xml version="1.0" encoding="utf-8"?>
<Project ToolsVersion="4.0" xmlns="http://schemas.microsoft.com/developer/msbuild/2003">
  <ItemGroup>
    <Filter Include="Resource Files">
      <UniqueIdentifier>{67DA6AB6-F800-4c08-8B7A-83BB121AAD01}</UniqueIdentifier>
      <Extensions>rc;ico;cur;bmp;dlg;rc2;rct;bin;rgs;gif;jpg;jpeg;jpe;resx;tiff;tif;png;wav;mfcribbon-ms</Extensions>
    </Filter>
    <Filter Include="Public">
      <UniqueIdentifier>{6b31aad7-35cb-4c4b-bca6-369bcaba06a7}</UniqueIdentifier>
    </Filter>
    <Filter Include="Private">
      <UniqueIdentifier>{be87ad21-b980-4332-8e4d-4a49591c69e5}</UniqueIdentifier>
    </Filter>
  </ItemGroup>
  <ItemGroup>
    <Text Include="ReadMe.txt" />
  </ItemGroup>
  <ItemGroup>
    <ClInclude Include="Public\RenderSystem\D3D11DepthStencilView.hpp">
      <Filter>Public</Filter>
    </ClInclude>
    <ClInclude Include="Public\RenderSystem\D3D11Device.hpp">
      <Filter>Public</Filter>
    </ClInclude>
    <ClInclude Include="Public\RenderSystem\D3D11DeviceBuffer.hpp">
      <Filter>Public</Filter>
    </ClInclude>
    <ClInclude Include="Public\RenderSystem\D3D11DeviceTexture.hpp">
      <Filter>Public</Filter>
    </ClInclude>
    <ClInclude Include="Public\RenderSystem\D3D11Rendering.hpp">
      <Filter>Public</Filter>
    </ClInclude>
    <ClInclude Include="Public\RenderSystem\D3D11RenderSystem.hpp">
      <Filter>Public</Filter>
    </ClInclude>
    <ClInclude Include="Public\RenderSystem\D3D11RenderTarget.hpp">
      <Filter>Public</Filter>
    </ClInclude>
    <ClInclude Include="Public\RenderSystem\D3D11RenderWindow.hpp">
      <Filter>Public</Filter>
    </ClInclude>
    <ClInclude Include="Public\RenderSystem\D3D11Shader.hpp">
      <Filter>Public</Filter>
    </ClInclude>
    <ClInclude Include="Public\RenderSystem\D3D11ShaderReflection.hpp">
      <Filter>Public</Filter>
    </ClInclude>
    <ClInclude Include="Public\RenderSystem\D3D11ShaderResource.hpp">
      <Filter>Public</Filter>
    </ClInclude>
    <ClInclude Include="Public\RenderSystem\D3D11Shared.hpp">
      <Filter>Public</Filter>
    </ClInclude>
    <ClInclude Include="Public\RenderSystem\D3D11Prerequisites.hpp">
      <Filter>Public</Filter>
    </ClInclude>
  </ItemGroup>
  <ItemGroup>
    <ClCompile Include="Private\D3D11CommandList.cpp">
      <Filter>Private</Filter>
    </ClCompile>
    <ClCompile Include="Private\D3D11DepthStencilView.cpp">
      <Filter>Private</Filter>
    </ClCompile>
    <ClCompile Include="Private\D3D11Device.cpp">
      <Filter>Private</Filter>
    </ClCompile>
    <ClCompile Include="Private\D3D11DeviceBuffer.cpp">
      <Filter>Private</Filter>
    </ClCompile>
    <ClCompile Include="Private\D3D11DeviceTexture.cpp">
      <Filter>Private</Filter>
    </ClCompile>
    <ClCompile Include="Private\D3D11PipelineState.cpp">
      <Filter>Private</Filter>
    </ClCompile>
    <ClCompile Include="Private\D3D11RenderSystem.cpp">
      <Filter>Private</Filter>
    </ClCompile>
    <ClCompile Include="Private\D3D11RenderTarget.cpp">
      <Filter>Private</Filter>
    </ClCompile>
    <ClCompile Include="Private\D3D11RenderWindow.cpp">
      <Filter>Private</Filter>
    </ClCompile>
    <ClCompile Include="Private\D3D11Shader.cpp">
      <Filter>Private</Filter>
    </ClCompile>
    <ClCompile Include="Private\D3D11ShaderReflection.cpp">
      <Filter>Private</Filter>
    </ClCompile>
    <ClCompile Include="Private\D3D11ShaderResource.cpp">
      <Filter>Private</Filter>
    </ClCompile>
    <ClCompile Include="Private\D3D11Shared.cpp">
      <Filter>Private</Filter>
    </ClCompile>
  </ItemGroup>
</Project>